
Microsoft Visual Studio Solution File, Format Version 12.00
Project("{FAE04EC0-301F-11D3-BF4B-00C04F79EFBC}") = "TestApp", "TestApp\TestApp.csproj", "{A6A2D0D6-8EA6-44A4-8CC6-DC8E0743F898}"
EndProject
Project("{FAE04EC0-301F-11D3-BF4B-00C04F79EFBC}") = "TestApp.Sum", "TestApp.Sum\TestApp.Sum.csproj", "{1CACA7DE-271A-4AEC-A75C-E650B2338140}"
EndProject
Project("{FAE04EC0-301F-11D3-BF4B-00C04F79EFBC}") = "TestApp.CheckEquality", "TestApp.CheckEquality\TestApp.CheckEquality.csproj", "{BFCC4E33-3000-41C8-A209-B19CDE031E44}"
EndProject
Project("{FAE04EC0-301F-11D3-BF4B-00C04F79EFBC}") = "TestApp.CircuitPower", "TestApp.CircuitPower\TestApp.CircuitPower.csproj", "{260768A1-AAD2-4813-880F-0F42429D1761}"
EndProject
Global
	GlobalSection(SolutionConfigurationPlatforms) = preSolution
		Debug|Any CPU = Debug|Any CPU
		Release|Any CPU = Release|Any CPU
	EndGlobalSection
	GlobalSection(ProjectConfigurationPlatforms) = postSolution
		{A6A2D0D6-8EA6-44A4-8CC6-DC8E0743F898}.Debug|Any CPU.ActiveCfg = Debug|Any CPU
		{A6A2D0D6-8EA6-44A4-8CC6-DC8E0743F898}.Debug|Any CPU.Build.0 = Debug|Any CPU
		{A6A2D0D6-8EA6-44A4-8CC6-DC8E0743F898}.Release|Any CPU.ActiveCfg = Release|Any CPU
		{A6A2D0D6-8EA6-44A4-8CC6-DC8E0743F898}.Release|Any CPU.Build.0 = Release|Any CPU
		{1CACA7DE-271A-4AEC-A75C-E650B2338140}.Debug|Any CPU.ActiveCfg = Debug|Any CPU
		{1CACA7DE-271A-4AEC-A75C-E650B2338140}.Debug|Any CPU.Build.0 = Debug|Any CPU
		{1CACA7DE-271A-4AEC-A75C-E650B2338140}.Release|Any CPU.ActiveCfg = Release|Any CPU
		{1CACA7DE-271A-4AEC-A75C-E650B2338140}.Release|Any CPU.Build.0 = Release|Any CPU
		{BFCC4E33-3000-41C8-A209-B19CDE031E44}.Debug|Any CPU.ActiveCfg = Debug|Any CPU
		{BFCC4E33-3000-41C8-A209-B19CDE031E44}.Debug|Any CPU.Build.0 = Debug|Any CPU
		{BFCC4E33-3000-41C8-A209-B19CDE031E44}.Release|Any CPU.ActiveCfg = Release|Any CPU
		{BFCC4E33-3000-41C8-A209-B19CDE031E44}.Release|Any CPU.Build.0 = Release|Any CPU
		{260768A1-AAD2-4813-880F-0F42429D1761}.Debug|Any CPU.ActiveCfg = Debug|Any CPU
		{260768A1-AAD2-4813-880F-0F42429D1761}.Debug|Any CPU.Build.0 = Debug|Any CPU
		{260768A1-AAD2-4813-880F-0F42429D1761}.Release|Any CPU.ActiveCfg = Release|Any CPU
		{260768A1-AAD2-4813-880F-0F42429D1761}.Release|Any CPU.Build.0 = Release|Any CPU
	EndGlobalSection
EndGlobal
